
Microsoft Visual Studio Solution File, Format Version 12.00
# Visual Studio Version 17
VisualStudioVersion = 17.5.33516.290
MinimumVisualStudioVersion = 10.0.40219.1
Project("{9A19103F-16F7-4668-BE54-9A1E7A4F7556}") = "SlotMachineApp", "SlotMachineApp\SlotMachineApp.csproj", "{BD3CEAC6-8EBA-4674-BAA7-4DEC7C54498E}"
EndProject
Project("{FAE04EC0-301F-11D3-BF4B-00C04F79EFBC}") = "SlotMachineAppTests", "SlotMachineAppTests\SlotMachineAppTests.csproj", "{DB728159-2252-4654-9117-90853DEDD2EF}"
EndProject
Global
	GlobalSection(SolutionConfigurationPlatforms) = preSolution
		Debug|Any CPU = Debug|Any CPU
		Release|Any CPU = Release|Any CPU
	EndGlobalSection
	GlobalSection(ProjectConfigurationPlatforms) = postSolution
		{BD3CEAC6-8EBA-4674-BAA7-4DEC7C54498E}.Debug|Any CPU.ActiveCfg = Debug|Any CPU
		{BD3CEAC6-8EBA-4674-BAA7-4DEC7C54498E}.Debug|Any CPU.Build.0 = Debug|Any CPU
		{BD3CEAC6-8EBA-4674-BAA7-4DEC7C54498E}.Release|Any CPU.ActiveCfg = Release|Any CPU
		{BD3CEAC6-8EBA-4674-BAA7-4DEC7C54498E}.Release|Any CPU.Build.0 = Release|Any CPU
		{DB728159-2252-4654-9117-90853DEDD2EF}.Debug|Any CPU.ActiveCfg = Debug|Any CPU
		{DB728159-2252-4654-9117-90853DEDD2EF}.Debug|Any CPU.Build.0 = Debug|Any CPU
		{DB728159-2252-4654-9117-90853DEDD2EF}.Release|Any CPU.ActiveCfg = Release|Any CPU
		{DB728159-2252-4654-9117-90853DEDD2EF}.Release|Any CPU.Build.0 = Release|Any CPU
	EndGlobalSection
	GlobalSection(SolutionProperties) = preSolution
		HideSolutionNode = FALSE
	EndGlobalSection
	GlobalSection(ExtensibilityGlobals) = postSolution
		SolutionGuid = {5F675390-AC43-4A20-86B4-A4939A7F11D1}
	EndGlobalSection
EndGlobal
